// !$*UTF8*$!
{
	archiveVersion = 1;
	classes = {
	};
	objectVersion = 48;
	objects = {

/* Begin PBXBuildFile section */
		047189041FFDD86E00E2A892 /* AppDelegate.swift in Sources */ = {isa = PBXBuildFile; fileRef = 047189031FFDD86E00E2A892 /* AppDelegate.swift */; };
		047189061FFDD86E00E2A892 /* ViewController.swift in Sources */ = {isa = PBXBuildFile; fileRef = 047189051FFDD86E00E2A892 /* ViewController.swift */; };
		047189091FFDD86E00E2A892 /* Main.storyboard in Resources */ = {isa = PBXBuildFile; fileRef = 047189071FFDD86E00E2A892 /* Main.storyboard */; };
		0471890B1FFDD86E00E2A892 /* Assets.xcassets in Resources */ = {isa = PBXBuildFile; fileRef = 0471890A1FFDD86E00E2A892 /* Assets.xcassets */; };
		0471890E1FFDD86E00E2A892 /* LaunchScreen.storyboard in Resources */ = {isa = PBXBuildFile; fileRef = 0471890C1FFDD86E00E2A892 /* LaunchScreen.storyboard */; };
		047189161FFDDCC300E2A892 /* GoogleService-Info.plist in Resources */ = {isa = PBXBuildFile; fileRef = 047189151FFDDCC300E2A892 /* GoogleService-Info.plist */; };
		F21BD8C629130FE5604BAA17 /* Pods_smspromo.framework in Frameworks */ = {isa = PBXBuildFile; fileRef = 921909570FA39FEF8C76DAF5 /* Pods_smspromo.framework */; };
/* End PBXBuildFile section */

/* Begin PBXFileReference section */
		047189001FFDD86E00E2A892 /* smspromo.app */ = {isa = PBXFileReference; explicitFileType = wrapper.application; includeInIndex = 0; path = smspromo.app; sourceTree = BUILT_PRODUCTS_DIR; };
		047189031FFDD86E00E2A892 /* AppDelegate.swift */ = {isa = PBXFileReference; lastKnownFileType = sourcecode.swift; path = AppDelegate.swift; sourceTree = "<group>"; };
		047189051FFDD86E00E2A892 /* ViewController.swift */ = {isa = PBXFileReference; lastKnownFileType = sourcecode.swift; path = ViewController.swift; sourceTree = "<group>"; };
		047189081FFDD86E00E2A892 /* Base */ = {isa = PBXFileReference; lastKnownFileType = file.storyboard; name = Base; path = Base.lproj/Main.storyboard; sourceTree = "<group>"; };
		0471890A1FFDD86E00E2A892 /* Assets.xcassets */ = {isa = PBXFileReference; lastKnownFileType = folder.assetcatalog; path = Assets.xcassets; sourceTree = "<group>"; };
		0471890D1FFDD86E00E2A892 /* Base */ = {isa = PBXFileReference; lastKnownFileType = file.storyboard; name = Base; path = Base.lproj/LaunchScreen.storyboard; sourceTree = "<group>"; };
		0471890F1FFDD86E00E2A892 /* Info.plist */ = {isa = PBXFileReference; lastKnownFileType = text.plist.xml; path = Info.plist; sourceTree = "<group>"; };
		047189151FFDDCC300E2A892 /* GoogleService-Info.plist */ = {isa = PBXFileReference; fileEncoding = 4; lastKnownFileType = text.plist.xml; path = "GoogleService-Info.plist"; sourceTree = "<group>"; };
		1AFDFA14E1B46E6C5AFD9857 /* Pods-smspromo.release.xcconfig */ = {isa = PBXFileReference; includeInIndex = 1; lastKnownFileType = text.xcconfig; name = "Pods-smspromo.release.xcconfig"; path = "Pods/Target Support Files/Pods-smspromo/Pods-smspromo.release.xcconfig"; sourceTree = "<group>"; };
		2BCA80E4DFA034B12F3852E2 /* Pods-smspromo.debug.xcconfig */ = {isa = PBXFileReference; includeInIndex = 1; lastKnownFileType = text.xcconfig; name = "Pods-smspromo.debug.xcconfig"; path = "Pods/Target Support Files/Pods-smspromo/Pods-smspromo.debug.xcconfig"; sourceTree = "<group>"; };
		921909570FA39FEF8C76DAF5 /* Pods_smspromo.framework */ = {isa = PBXFileReference; explicitFileType = wrapper.framework; includeInIndex = 0; path = Pods_smspromo.framework; sourceTree = BUILT_PRODUCTS_DIR; };
/* End PBXFileReference section */

/* Begin PBXFrameworksBuildPhase section */
		047188FD1FFDD86E00E2A892 /* Frameworks */ = {
			isa = PBXFrameworksBuildPhase;
			buildActionMask = 2147483647;
			files = (
				F21BD8C629130FE5604BAA17 /* Pods_smspromo.framework in Frameworks */,
			);
			runOnlyForDeploymentPostprocessing = 0;
		};
/* End PBXFrameworksBuildPhase section */

/* Begin PBXGroup section */
		01E0CBC993E986950DE2F70E /* Frameworks */ = {
			isa = PBXGroup;
			children = (
				921909570FA39FEF8C76DAF5 /* Pods_smspromo.framework */,
			);
			name = Frameworks;
			sourceTree = "<group>";
		};
		047188F71FFDD86E00E2A892 = {
			isa = PBXGroup;
			children = (
				047189151FFDDCC300E2A892 /* GoogleService-Info.plist */,
				047189021FFDD86E00E2A892 /* smspromo */,
				047189011FFDD86E00E2A892 /* Products */,
				4AF98D203A67E1D5B58AB28E /* Pods */,
				01E0CBC993E986950DE2F70E /* Frameworks */,
			);
			sourceTree = "<group>";
		};
		047189011FFDD86E00E2A892 /* Products */ = {
			isa = PBXGroup;
			children = (
				047189001FFDD86E00E2A892 /* smspromo.app */,
			);
			name = Products;
			sourceTree = "<group>";
		};
		047189021FFDD86E00E2A892 /* smspromo */ = {
			isa = PBXGroup;
			children = (
				047189031FFDD86E00E2A892 /* AppDelegate.swift */,
				047189051FFDD86E00E2A892 /* ViewController.swift */,
				047189071FFDD86E00E2A892 /* Main.storyboard */,
				0471890A1FFDD86E00E2A892 /* Assets.xcassets */,
				0471890C1FFDD86E00E2A892 /* LaunchScreen.storyboard */,
				0471890F1FFDD86E00E2A892 /* Info.plist */,
			);
			path = smspromo;
			sourceTree = "<group>";
		};
		4AF98D203A67E1D5B58AB28E /* Pods */ = {
			isa = PBXGroup;
			children = (
				2BCA80E4DFA034B12F3852E2 /* Pods-smspromo.debug.xcconfig */,
				1AFDFA14E1B46E6C5AFD9857 /* Pods-smspromo.release.xcconfig */,
			);
			name = Pods;
			sourceTree = "<group>";
		};
/* End PBXGroup section */

/* Begin PBXNativeTarget section */
		047188FF1FFDD86E00E2A892 /* smspromo */ = {
			isa = PBXNativeTarget;
			buildConfigurationList = 047189121FFDD86E00E2A892 /* Build configuration list for PBXNativeTarget "smspromo" */;
			buildPhases = (
				A96F843916889AB1464427EA /* [CP] Check Pods Manifest.lock */,
				047188FC1FFDD86E00E2A892 /* Sources */,
				047188FD1FFDD86E00E2A892 /* Frameworks */,
				047188FE1FFDD86E00E2A892 /* Resources */,
				7B705D7450AE23C2D8F96BFD /* [CP] Embed Pods Frameworks */,
				83C00704546C2556B1C474D0 /* [CP] Copy Pods Resources */,
			);
			buildRules = (
			);
			dependencies = (
			);
			name = smspromo;
			productName = smspromo;
			productReference = 047189001FFDD86E00E2A892 /* smspromo.app */;
			productType = "com.apple.product-type.application";
		};
/* End PBXNativeTarget section */

/* Begin PBXProject section */
		047188F81FFDD86E00E2A892 /* Project object */ = {
			isa = PBXProject;
			attributes = {
				LastSwiftUpdateCheck = 0920;
				LastUpgradeCheck = 0920;
				ORGANIZATIONNAME = "RGT Soft";
				TargetAttributes = {
					047188FF1FFDD86E00E2A892 = {
						CreatedOnToolsVersion = 9.2;
						ProvisioningStyle = Automatic;
					};
				};
			};
			buildConfigurationList = 047188FB1FFDD86E00E2A892 /* Build configuration list for PBXProject "smspromo" */;
			compatibilityVersion = "Xcode 8.0";
			developmentRegion = en;
			hasScannedForEncodings = 0;
			knownRegions = (
				en,
				Base,
			);
			mainGroup = 047188F71FFDD86E00E2A892;
			productRefGroup = 047189011FFDD86E00E2A892 /* Products */;
			projectDirPath = "";
			projectRoot = "";
			targets = (
				047188FF1FFDD86E00E2A892 /* smspromo */,
			);
		};
/* End PBXProject section */

/* Begin PBXResourcesBuildPhase section */
		047188FE1FFDD86E00E2A892 /* Resources */ = {
			isa = PBXResourcesBuildPhase;
			buildActionMask = 2147483647;
			files = (
				0471890E1FFDD86E00E2A892 /* LaunchScreen.storyboard in Resources */,
				047189161FFDDCC300E2A892 /* GoogleService-Info.plist in Resources */,
				0471890B1FFDD86E00E2A892 /* Assets.xcassets in Resources */,
				047189091FFDD86E00E2A892 /* Main.storyboard in Resources */,
			);
			runOnlyForDeploymentPostprocessing = 0;
		};
/* End PBXResourcesBuildPhase section */

/* Begin PBXShellScriptBuildPhase section */
		7B705D7450AE23C2D8F96BFD /* [CP] Embed Pods Frameworks */ = {
			isa = PBXShellScriptBuildPhase;
			buildActionMask = 2147483647;
			files = (
			);
			inputPaths = (
				"${SRCROOT}/Pods/Target Support Files/Pods-smspromo/Pods-smspromo-frameworks.sh",
				"${BUILT_PRODUCTS_DIR}/GTMSessionFetcher/GTMSessionFetcher.framework",
				"${BUILT_PRODUCTS_DIR}/GoogleToolboxForMac/GoogleToolboxForMac.framework",
				"${BUILT_PRODUCTS_DIR}/leveldb-library/leveldb.framework",
				"${BUILT_PRODUCTS_DIR}/nanopb/nanopb.framework",
			);
			name = "[CP] Embed Pods Frameworks";
			outputPaths = (
				"${TARGET_BUILD_DIR}/${FRAMEWORKS_FOLDER_PATH}/GTMSessionFetcher.framework",
				"${TARGET_BUILD_DIR}/${FRAMEWORKS_FOLDER_PATH}/GoogleToolboxForMac.framework",
				"${TARGET_BUILD_DIR}/${FRAMEWORKS_FOLDER_PATH}/leveldb.framework",
				"${TARGET_BUILD_DIR}/${FRAMEWORKS_FOLDER_PATH}/nanopb.framework",
			);
			runOnlyForDeploymentPostprocessing = 0;
			shellPath = /bin/sh;
			shellScript = "\"${SRCROOT}/Pods/Target Support Files/Pods-smspromo/Pods-smspromo-frameworks.sh\"\n";
			showEnvVarsInLog = 0;
		};
		83C00704546C2556B1C474D0 /* [CP] Copy Pods Resources */ = {
			isa = PBXShellScriptBuildPhase;
			buildActionMask = 2147483647;
			files = (
			);
			inputPaths = (
			);
			name = "[CP] Copy Pods Resources";
			outputPaths = (
			);
			runOnlyForDeploymentPostprocessing = 0;
			shellPath = /bin/sh;
			shellScript = "\"${SRCROOT}/Pods/Target Support Files/Pods-smspromo/Pods-smspromo-resources.sh\"\n";
			showEnvVarsInLog = 0;
		};
		A96F843916889AB1464427EA /* [CP] Check Pods Manifest.lock */ = {
			isa = PBXShellScriptBuildPhase;
			buildActionMask = 2147483647;
			files = (
			);
			inputPaths = (
				"${PODS_PODFILE_DIR_PATH}/Podfile.lock",
				"${PODS_ROOT}/Manifest.lock",
			);
			name = "[CP] Check Pods Manifest.lock";
			outputPaths = (
				"$(DERIVED_FILE_DIR)/Pods-smspromo-checkManifestLockResult.txt",
			);
			runOnlyForDeploymentPostprocessing = 0;
			shellPath = /bin/sh;
			shellScript = "diff \"${PODS_PODFILE_DIR_PATH}/Podfile.lock\" \"${PODS_ROOT}/Manifest.lock\" > /dev/null\nif [ $? != 0 ] ; then\n    # print error to STDERR\n    echo \"error: The sandbox is not in sync with the Podfile.lock. Run 'pod install' or update your CocoaPods installation.\" >&2\n    exit 1\nfi\n# This output is used by Xcode 'outputs' to avoid re-running this script phase.\necho \"SUCCESS\" > \"${SCRIPT_OUTPUT_FILE_0}\"\n";
			showEnvVarsInLog = 0;
		};
/* End PBXShellScriptBuildPhase section */

/* Begin PBXSourcesBuildPhase section */
		047188FC1FFDD86E00E2A892 /* Sources */ = {
			isa = PBXSourcesBuildPhase;
			buildActionMask = 2147483647;
			files = (
				047189061FFDD86E00E2A892 /* ViewController.swift in Sources */,
				047189041FFDD86E00E2A892 /* AppDelegate.swift in Sources */,
			);
			runOnlyForDeploymentPostprocessing = 0;
		};
/* End PBXSourcesBuildPhase section */

/* Begin PBXVariantGroup section */
		047189071FFDD86E00E2A892 /* Main.storyboard */ = {
			isa = PBXVariantGroup;
			children = (
				047189081FFDD86E00E2A892 /* Base */,
			);
			name = Main.storyboard;
			sourceTree = "<group>";
		};
		0471890C1FFDD86E00E2A892 /* LaunchScreen.storyboard */ = {
			isa = PBXVariantGroup;
			children = (
				0471890D1FFDD86E00E2A892 /* Base */,
			);
			name = LaunchScreen.storyboard;
			sourceTree = "<group>";
		};
/* End PBXVariantGroup section */

/* Begin XCBuildConfiguration section */
		047189101FFDD86E00E2A892 /* Debug */ = {
			isa = XCBuildConfiguration;
			buildSettings = {
				ALWAYS_SEARCH_USER_PATHS = NO;
				CLANG_ANALYZER_NONNULL = YES;
				CLANG_ANALYZER_NUMBER_OBJECT_CONVERSION = YES_AGGRESSIVE;
				CLANG_CXX_LANGUAGE_STANDARD = "gnu++14";
				CLANG_CXX_LIBRARY = "libc++";
				CLANG_ENABLE_MODULES = YES;
				CLANG_ENABLE_OBJC_ARC = YES;
				CLANG_WARN_BLOCK_CAPTURE_AUTORELEASING = YES;
				CLANG_WARN_BOOL_CONVERSION = YES;
				CLANG_WARN_COMMA = YES;
				CLANG_WARN_CONSTANT_CONVERSION = YES;
				CLANG_WARN_DIRECT_OBJC_ISA_USAGE = YES_ERROR;
				CLANG_WARN_DOCUMENTATION_COMMENTS = YES;
				CLANG_WARN_EMPTY_BODY = YES;
				CLANG_WARN_ENUM_CONVERSION = YES;
				CLANG_WARN_INFINITE_RECURSION = YES;
				CLANG_WARN_INT_CONVERSION = YES;
				CLANG_WARN_NON_LITERAL_NULL_CONVERSION = YES;
				CLANG_WARN_OBJC_LITERAL_CONVERSION = YES;
				CLANG_WARN_OBJC_ROOT_CLASS = YES_ERROR;
				CLANG_WARN_RANGE_LOOP_ANALYSIS = YES;
				CLANG_WARN_STRICT_PROTOTYPES = YES;
				CLANG_WARN_SUSPICIOUS_MOVE = YES;
				CLANG_WARN_UNGUARDED_AVAILABILITY = YES_AGGRESSIVE;
				CLANG_WARN_UNREACHABLE_CODE = YES;
				CLANG_WARN__DUPLICATE_METHOD_MATCH = YES;
				CODE_SIGN_IDENTITY = "iPhone Developer";
				COPY_PHASE_STRIP = NO;
				DEBUG_INFORMATION_FORMAT = dwarf;
				ENABLE_STRICT_OBJC_MSGSEND = YES;
				ENABLE_TESTABILITY = YES;
				GCC_C_LANGUAGE_STANDARD = gnu11;
				GCC_DYNAMIC_NO_PIC = NO;
				GCC_NO_COMMON_BLOCKS = YES;
				GCC_OPTIMIZATION_LEVEL = 0;
				GCC_PREPROCESSOR_DEFINITIONS = (
					"DEBUG=1",
					"$(inherited)",
				);
				GCC_WARN_64_TO_32_BIT_CONVERSION = YES;
				GCC_WARN_ABOUT_RETURN_TYPE = YES_ERROR;
				GCC_WARN_UNDECLARED_SELECTOR = YES;
				GCC_WARN_UNINITIALIZED_AUTOS = YES_AGGRESSIVE;
				GCC_WARN_UNUSED_FUNCTION = YES;
				GCC_WARN_UNUSED_VARIABLE = YES;
				IPHONEOS_DEPLOYMENT_TARGET = 11.2;
				MTL_ENABLE_DEBUG_INFO = YES;
				ONLY_ACTIVE_ARCH = YES;
				SDKROOT = iphoneos;
				SWIFT_ACTIVE_COMPILATION_CONDITIONS = DEBUG;
				SWIFT_OPTIMIZATION_LEVEL = "-Onone";
			};
			name = Debug;
		};
		047189111FFDD86E00E2A892 /* Release */ = {
			isa = XCBuildConfiguration;
			buildSettings = {
				ALWAYS_SEARCH_USER_PATHS = NO;
				CLANG_ANALYZER_NONNULL = YES;
				CLANG_ANALYZER_NUMBER_OBJECT_CONVERSION = YES_AGGRESSIVE;
				CLANG_CXX_LANGUAGE_STANDARD = "gnu++14";
				CLANG_CXX_LIBRARY = "libc++";
				CLANG_ENABLE_MODULES = YES;
				CLANG_ENABLE_OBJC_ARC = YES;
				CLANG_WARN_BLOCK_CAPTURE_AUTORELEASING = YES;
				CLANG_WARN_BOOL_CONVERSION = YES;
				CLANG_WARN_COMMA = YES;
				CLANG_WARN_CONSTANT_CONVERSION = YES;
				CLANG_WARN_DIRECT_OBJC_ISA_USAGE = YES_ERROR;
				CLANG_WARN_DOCUMENTATION_COMMENTS = YES;
				CLANG_WARN_EMPTY_BODY = YES;
				CLANG_WARN_ENUM_CONVERSION = YES;
				CLANG_WARN_INFINITE_RECURSION = YES;
				CLANG_WARN_INT_CONVERSION = YES;
				CLANG_WARN_NON_LITERAL_NULL_CONVERSION = YES;
				CLANG_WARN_OBJC_LITERAL_CONVERSION = YES;
				CLANG_WARN_OBJC_ROOT_CLASS = YES_ERROR;
				CLANG_WARN_RANGE_LOOP_ANALYSIS = YES;
				CLANG_WARN_STRICT_PROTOTYPES = YES;
				CLANG_WARN_SUSPICIOUS_MOVE = YES;
				CLANG_WARN_UNGUARDED_AVAILABILITY = YES_AGGRESSIVE;
				CLANG_WARN_UNREACHABLE_CODE = YES;
				CLANG_WARN__DUPLICATE_METHOD_MATCH = YES;
				CODE_SIGN_IDENTITY = "iPhone Developer";
				COPY_PHASE_STRIP = NO;
				DEBUG_INFORMATION_FORMAT = "dwarf-with-dsym";
				ENABLE_NS_ASSERTIONS = NO;
				ENABLE_STRICT_OBJC_MSGSEND = YES;
				GCC_C_LANGUAGE_STANDARD = gnu11;
				GCC_NO_COMMON_BLOCKS = YES;
				GCC_WARN_64_TO_32_BIT_CONVERSION = YES;
				GCC_WARN_ABOUT_RETURN_TYPE = YES_ERROR;
				GCC_WARN_UNDECLARED_SELECTOR = YES;
				GCC_WARN_UNINITIALIZED_AUTOS = YES_AGGRESSIVE;
				GCC_WARN_UNUSED_FUNCTION = YES;
				GCC_WARN_UNUSED_VARIABLE = YES;
				IPHONEOS_DEPLOYMENT_TARGET = 11.2;
				MTL_ENABLE_DEBUG_INFO = NO;
				SDKROOT = iphoneos;
				SWIFT_OPTIMIZATION_LEVEL = "-Owholemodule";
				VALIDATE_PRODUCT = YES;
			};
			name = Release;
		};
		047189131FFDD86E00E2A892 /* Debug */ = {
			isa = XCBuildConfiguration;
			baseConfigurationReference = 2BCA80E4DFA034B12F3852E2 /* Pods-smspromo.debug.xcconfig */;
			buildSettings = {
				ASSETCATALOG_COMPILER_APPICON_NAME = AppIcon;
				CODE_SIGN_STYLE = Automatic;
				DEVELOPMENT_TEAM = BJQ53SH4HW;
				INFOPLIST_FILE = smspromo/Info.plist;
				IPHONEOS_DEPLOYMENT_TARGET = 9.3;
				LD_RUNPATH_SEARCH_PATHS = "$(inherited) @executable_path/Frameworks";
				PRODUCT_BUNDLE_IDENTIFIER = com.rgt.smspromo;
				PRODUCT_NAME = "$(TARGET_NAME)";
				SWIFT_VERSION = 4.0;
				TARGETED_DEVICE_FAMILY = "1,2";
			};
			name = Debug;
		};
		047189141FFDD86E00E2A892 /* Release */ = {
			isa = XCBuildConfiguration;
			baseConfigurationReference = 1AFDFA14E1B46E6C5AFD9857 /* Pods-smspromo.release.xcconfig */;
			buildSettings = {
				ASSETCATALOG_COMPILER_APPICON_NAME = AppIcon;
				CODE_SIGN_STYLE = Automatic;
				DEVELOPMENT_TEAM = BJQ53SH4HW;
				INFOPLIST_FILE = smspromo/Info.plist;
				IPHONEOS_DEPLOYMENT_TARGET = 9.3;
				LD_RUNPATH_SEARCH_PATHS = "$(inherited) @executable_path/Frameworks";
				PRODUCT_BUNDLE_IDENTIFIER = com.rgt.smspromo;
				PRODUCT_NAME = "$(TARGET_NAME)";
				SWIFT_VERSION = 4.0;
				TARGETED_DEVICE_FAMILY = "1,2";
			};
			name = Release;
		};
/* End XCBuildConfiguration section */

/* Begin XCConfigurationList section */
		047188FB1FFDD86E00E2A892 /* Build configuration list for PBXProject "smspromo" */ = {
			isa = XCConfigurationList;
			buildConfigurations = (
				047189101FFDD86E00E2A892 /* Debug */,
				047189111FFDD86E00E2A892 /* Release */,
			);
			defaultConfigurationIsVisible = 0;
			defaultConfigurationName = Release;
		};
		047189121FFDD86E00E2A892 /* Build configuration list for PBXNativeTarget "smspromo" */ = {
			isa = XCConfigurationList;
			buildConfigurations = (
				047189131FFDD86E00E2A892 /* Debug */,
				047189141FFDD86E00E2A892 /* Release */,
			);
			defaultConfigurationIsVisible = 0;
			defaultConfigurationName = Release;
		};
/* End XCConfigurationList section */
	};
	rootObject = 047188F81FFDD86E00E2A892 /* Project object */;
}
